# helix-action pins (not a SKU join)
#
# Helix: no release tag. Default helix-ref is the 2026-09 origin/main freeze SHA.
# HelixTest pin matches Helix/VERSIONS.lock (tag v0.1.3 / this SHA).

HELIX_REF=1304d92daa80f6c9b8b164a543c2210bab391863
HELIXTEST_REF=v0.1.3
HELIXTEST_TAG=v0.1.3
HELIXTEST_SHA=1832c043e1679ec283cb2113510ee33684317cce
RUST_TOOLCHAIN=1.91.1
